
Microsoft Visual Studio Solution File, Format Version 12.00
Project("{FAE04EC0-301F-11D3-BF4B-00C04F79EFBC}") = "ChatShuttleX", "ChatShuttleX\ChatShuttleX.csproj", "{EF89DD10-074C-4657-A311-BDD6FC9576E3}"
EndProject
Global
	GlobalSection(SolutionConfigurationPlatforms) = preSolution
		Debug|Any CPU = Debug|Any CPU
		Release|Any CPU = Release|Any CPU
	EndGlobalSection
	GlobalSection(ProjectConfigurationPlatforms) = postSolution
		{EF89DD10-074C-4657-A311-BDD6FC9576E3}.Debug|Any CPU.ActiveCfg = Debug|Any CPU
		{EF89DD10-074C-4657-A311-BDD6FC9576E3}.Debug|Any CPU.Build.0 = Debug|Any CPU
		{EF89DD10-074C-4657-A311-BDD6FC9576E3}.Release|Any CPU.ActiveCfg = Release|Any CPU
		{EF89DD10-074C-4657-A311-BDD6FC9576E3}.Release|Any CPU.Build.0 = Release|Any CPU
	EndGlobalSection
EndGlobal
